
Microsoft Visual Studio Solution File, Format Version 12.00
Project("{FAE04EC0-301F-11D3-BF4B-00C04F79EFBC}") = "Password generator", "Password generator\Password generator.csproj", "{B2D12147-60E6-47FA-B374-B146215DF731}"
EndProject
Global
	GlobalSection(SolutionConfigurationPlatforms) = preSolution
		Debug|Any CPU = Debug|Any CPU
		Release|Any CPU = Release|Any CPU
	EndGlobalSection
	GlobalSection(ProjectConfigurationPlatforms) = postSolution
		{B2D12147-60E6-47FA-B374-B146215DF731}.Debug|Any CPU.ActiveCfg = Debug|Any CPU
		{B2D12147-60E6-47FA-B374-B146215DF731}.Debug|Any CPU.Build.0 = Debug|Any CPU
		{B2D12147-60E6-47FA-B374-B146215DF731}.Release|Any CPU.ActiveCfg = Release|Any CPU
		{B2D12147-60E6-47FA-B374-B146215DF731}.Release|Any CPU.Build.0 = Release|Any CPU
	EndGlobalSection
EndGlobal
